
Microsoft Visual Studio Solution File, Format Version 11.00
# Visual Studio 2010
Project("{8BC9CEB8-8B4A-11D0-8D11-00A0C91BC942}") = "1", "1\1.vcxproj", "{AE6A8445-ECDD-46E0-91E1-501C8F67B140}"
EndProject
Project("{8BC9CEB8-8B4A-11D0-8D11-00A0C91BC942}") = "2", "2\2.vcxproj", "{D7C58D76-4319-4FC7-BE61-5A43BAF8D20E}"
EndProject
Project("{8BC9CEB8-8B4A-11D0-8D11-00A0C91BC942}") = "3", "3\3.vcxproj", "{0EFDA325-746A-4C18-B323-6215308F802B}"
EndProject
Project("{8BC9CEB8-8B4A-11D0-8D11-00A0C91BC942}") = "4", "4\4.vcxproj", "{1987DF38-5CB6-441B-B0B4-8E0A8A84B41C}"
EndProject
Project("{8BC9CEB8-8B4A-11D0-8D11-00A0C91BC942}") = "5", "5\5.vcxproj", "{D4AA0F03-5E35-4458-8EF8-23DC3AB1A077}"
EndProject
Project("{8BC9CEB8-8B4A-11D0-8D11-00A0C91BC942}") = "6", "6\6.vcxproj", "{2811787F-D521-4F35-A599-9B479CB6A0B1}"
EndProject
Project("{8BC9CEB8-8B4A-11D0-8D11-00A0C91BC942}") = "7", "7\7.vcxproj", "{581EC05C-929D-4BB4-BD6C-C1D5E1F0C12F}"
EndProject
Project("{8BC9CEB8-8B4A-11D0-8D11-00A0C91BC942}") = "8", "8\8.vcxproj", "{D7BDB627-F889-4669-AB0C-D98A6385A8D9}"
EndProject
Project("{8BC9CEB8-8B4A-11D0-8D11-00A0C91BC942}") = "8b", "8b\8b.vcxproj", "{D2EECE68-E4D4-4C9E-85D1-7C091AE43A32}"
EndProject
Project("{8BC9CEB8-8B4A-11D0-8D11-00A0C91BC942}") = "9", "9\9.vcxproj", "{DFFEB2BD-EEEB-41BC-AD9F-50CCFE1C41F8}"
EndProject
Project("{8BC9CEB8-8B4A-11D0-8D11-00A0C91BC942}") = "10", "10\10.vcxproj", "{6F1C6B66-3C15-47DB-B449-8566F2EE3732}"
EndProject
Global
	GlobalSection(SolutionConfigurationPlatforms) = preSolution
		Debug|Win32 = Debug|Win32
		Release|Win32 = Release|Win32
	EndGlobalSection
	GlobalSection(ProjectConfigurationPlatforms) = postSolution
		{AE6A8445-ECDD-46E0-91E1-501C8F67B140}.Debug|Win32.ActiveCfg = Debug|Win32
		{AE6A8445-ECDD-46E0-91E1-501C8F67B140}.Debug|Win32.Build.0 = Debug|Win32
		{AE6A8445-ECDD-46E0-91E1-501C8F67B140}.Release|Win32.ActiveCfg = Release|Win32
		{AE6A8445-ECDD-46E0-91E1-501C8F67B140}.Release|Win32.Build.0 = Release|Win32
		{D7C58D76-4319-4FC7-BE61-5A43BAF8D20E}.Debug|Win32.ActiveCfg = Debug|Win32
		{D7C58D76-4319-4FC7-BE61-5A43BAF8D20E}.Debug|Win32.Build.0 = Debug|Win32
		{D7C58D76-4319-4FC7-BE61-5A43BAF8D20E}.Release|Win32.ActiveCfg = Release|Win32
		{D7C58D76-4319-4FC7-BE61-5A43BAF8D20E}.Release|Win32.Build.0 = Release|Win32
		{0EFDA325-746A-4C18-B323-6215308F802B}.Debug|Win32.ActiveCfg = Debug|Win32
		{0EFDA325-746A-4C18-B323-6215308F802B}.Debug|Win32.Build.0 = Debug|Win32
		{0EFDA325-746A-4C18-B323-6215308F802B}.Release|Win32.ActiveCfg = Release|Win32
		{0EFDA325-746A-4C18-B323-6215308F802B}.Release|Win32.Build.0 = Release|Win32
		{1987DF38-5CB6-441B-B0B4-8E0A8A84B41C}.Debug|Win32.ActiveCfg = Debug|Win32
		{1987DF38-5CB6-441B-B0B4-8E0A8A84B41C}.Debug|Win32.Build.0 = Debug|Win32
		{1987DF38-5CB6-441B-B0B4-8E0A8A84B41C}.Release|Win32.ActiveCfg = Release|Win32
		{1987DF38-5CB6-441B-B0B4-8E0A8A84B41C}.Release|Win32.Build.0 = Release|Win32
		{D4AA0F03-5E35-4458-8EF8-23DC3AB1A077}.Debug|Win32.ActiveCfg = Debug|Win32
		{D4AA0F03-5E35-4458-8EF8-23DC3AB1A077}.Debug|Win32.Build.0 = Debug|Win32
		{D4AA0F03-5E35-4458-8EF8-23DC3AB1A077}.Release|Win32.ActiveCfg = Release|Win32
		{D4AA0F03-5E35-4458-8EF8-23DC3AB1A077}.Release|Win32.Build.0 = Release|Win32
		{2811787F-D521-4F35-A599-9B479CB6A0B1}.Debug|Win32.ActiveCfg = Debug|Win32
		{2811787F-D521-4F35-A599-9B479CB6A0B1}.Debug|Win32.Build.0 = Debug|Win32
		{2811787F-D521-4F35-A599-9B479CB6A0B1}.Release|Win32.ActiveCfg = Release|Win32
		{2811787F-D521-4F35-A599-9B479CB6A0B1}.Release|Win32.Build.0 = Release|Win32
		{581EC05C-929D-4BB4-BD6C-C1D5E1F0C12F}.Debug|Win32.ActiveCfg = Debug|Win32
		{581EC05C-929D-4BB4-BD6C-C1D5E1F0C12F}.Debug|Win32.Build.0 = Debug|Win32
		{581EC05C-929D-4BB4-BD6C-C1D5E1F0C12F}.Release|Win32.ActiveCfg = Release|Win32
		{581EC05C-929D-4BB4-BD6C-C1D5E1F0C12F}.Release|Win32.Build.0 = Release|Win32
		{D7BDB627-F889-4669-AB0C-D98A6385A8D9}.Debug|Win32.ActiveCfg = Debug|Win32
		{D7BDB627-F889-4669-AB0C-D98A6385A8D9}.Debug|Win32.Build.0 = Debug|Win32
		{D7BDB627-F889-4669-AB0C-D98A6385A8D9}.Release|Win32.ActiveCfg = Release|Win32
		{D7BDB627-F889-4669-AB0C-D98A6385A8D9}.Release|Win32.Build.0 = Release|Win32
		{D2EECE68-E4D4-4C9E-85D1-7C091AE43A32}.Debug|Win32.ActiveCfg = Debug|Win32
		{D2EECE68-E4D4-4C9E-85D1-7C091AE43A32}.Debug|Win32.Build.0 = Debug|Win32
		{D2EECE68-E4D4-4C9E-85D1-7C091AE43A32}.Release|Win32.ActiveCfg = Release|Win32
		{D2EECE68-E4D4-4C9E-85D1-7C091AE43A32}.Release|Win32.Build.0 = Release|Win32
		{DFFEB2BD-EEEB-41BC-AD9F-50CCFE1C41F8}.Debug|Win32.ActiveCfg = Debug|Win32
		{DFFEB2BD-EEEB-41BC-AD9F-50CCFE1C41F8}.Debug|Win32.Build.0 = Debug|Win32
		{DFFEB2BD-EEEB-41BC-AD9F-50CCFE1C41F8}.Release|Win32.ActiveCfg = Release|Win32
		{DFFEB2BD-EEEB-41BC-AD9F-50CCFE1C41F8}.Release|Win32.Build.0 = Release|Win32
		{6F1C6B66-3C15-47DB-B449-8566F2EE3732}.Debug|Win32.ActiveCfg = Debug|Win32
		{6F1C6B66-3C15-47DB-B449-8566F2EE3732}.Debug|Win32.Build.0 = Debug|Win32
		{6F1C6B66-3C15-47DB-B449-8566F2EE3732}.Release|Win32.ActiveCfg = Release|Win32
		{6F1C6B66-3C15-47DB-B449-8566F2EE3732}.Release|Win32.Build.0 = Release|Win32
	EndGlobalSection
	GlobalSection(SolutionProperties) = preSolution
		HideSolutionNode = FALSE
	EndGlobalSection
EndGlobal
