
Microsoft Visual Studio Solution File, Format Version 11.00
# Visual Studio 2010
Project("{8BC9CEB8-8B4A-11D0-8D11-00A0C91BC942}") = "1", "1\1.vcxproj", "{F2176896-8AFD-4BDF-B31A-E5E149BAF53A}"
EndProject
Project("{8BC9CEB8-8B4A-11D0-8D11-00A0C91BC942}") = "2", "2\2.vcxproj", "{DE94F370-2710-43A7-8C30-61D33CAF85DE}"
EndProject
Project("{8BC9CEB8-8B4A-11D0-8D11-00A0C91BC942}") = "3", "3\3.vcxproj", "{4195BE1D-C1BA-450B-9FE0-A8A9195ABC25}"
EndProject
Project("{8BC9CEB8-8B4A-11D0-8D11-00A0C91BC942}") = "4", "4\4.vcxproj", "{22AE1B4D-EB25-4456-A44A-5388252DD037}"
EndProject
Project("{8BC9CEB8-8B4A-11D0-8D11-00A0C91BC942}") = "5", "5\5.vcxproj", "{AB93E5B9-2082-4EE5-A838-F66D79F105C4}"
EndProject
Project("{8BC9CEB8-8B4A-11D0-8D11-00A0C91BC942}") = "6", "6\6.vcxproj", "{CF184D59-18D7-4F4D-BCAE-E7F85555C3BA}"
EndProject
Project("{8BC9CEB8-8B4A-11D0-8D11-00A0C91BC942}") = "7", "7\7.vcxproj", "{9F54D0BE-B957-454D-9424-4AA78B5E98E3}"
EndProject
Project("{8BC9CEB8-8B4A-11D0-8D11-00A0C91BC942}") = "8", "8\8.vcxproj", "{A5B33603-3453-49B9-8814-0EEA6DF753CE}"
EndProject
Project("{8BC9CEB8-8B4A-11D0-8D11-00A0C91BC942}") = "9", "9\9.vcxproj", "{7F2F8235-A72F-445A-8999-054E8FEF46ED}"
EndProject
Project("{8BC9CEB8-8B4A-11D0-8D11-00A0C91BC942}") = "10", "10\10.vcxproj", "{DA341912-580E-4340-AE0D-78B563398672}"
EndProject
Global
	GlobalSection(SolutionConfigurationPlatforms) = preSolution
		Debug|Win32 = Debug|Win32
		Release|Win32 = Release|Win32
	EndGlobalSection
	GlobalSection(ProjectConfigurationPlatforms) = postSolution
		{F2176896-8AFD-4BDF-B31A-E5E149BAF53A}.Debug|Win32.ActiveCfg = Debug|Win32
		{F2176896-8AFD-4BDF-B31A-E5E149BAF53A}.Debug|Win32.Build.0 = Debug|Win32
		{F2176896-8AFD-4BDF-B31A-E5E149BAF53A}.Release|Win32.ActiveCfg = Release|Win32
		{F2176896-8AFD-4BDF-B31A-E5E149BAF53A}.Release|Win32.Build.0 = Release|Win32
		{DE94F370-2710-43A7-8C30-61D33CAF85DE}.Debug|Win32.ActiveCfg = Debug|Win32
		{DE94F370-2710-43A7-8C30-61D33CAF85DE}.Debug|Win32.Build.0 = Debug|Win32
		{DE94F370-2710-43A7-8C30-61D33CAF85DE}.Release|Win32.ActiveCfg = Release|Win32
		{DE94F370-2710-43A7-8C30-61D33CAF85DE}.Release|Win32.Build.0 = Release|Win32
		{4195BE1D-C1BA-450B-9FE0-A8A9195ABC25}.Debug|Win32.ActiveCfg = Debug|Win32
		{4195BE1D-C1BA-450B-9FE0-A8A9195ABC25}.Debug|Win32.Build.0 = Debug|Win32
		{4195BE1D-C1BA-450B-9FE0-A8A9195ABC25}.Release|Win32.ActiveCfg = Release|Win32
		{4195BE1D-C1BA-450B-9FE0-A8A9195ABC25}.Release|Win32.Build.0 = Release|Win32
		{22AE1B4D-EB25-4456-A44A-5388252DD037}.Debug|Win32.ActiveCfg = Debug|Win32
		{22AE1B4D-EB25-4456-A44A-5388252DD037}.Debug|Win32.Build.0 = Debug|Win32
		{22AE1B4D-EB25-4456-A44A-5388252DD037}.Release|Win32.ActiveCfg = Release|Win32
		{22AE1B4D-EB25-4456-A44A-5388252DD037}.Release|Win32.Build.0 = Release|Win32
		{AB93E5B9-2082-4EE5-A838-F66D79F105C4}.Debug|Win32.ActiveCfg = Debug|Win32
		{AB93E5B9-2082-4EE5-A838-F66D79F105C4}.Debug|Win32.Build.0 = Debug|Win32
		{AB93E5B9-2082-4EE5-A838-F66D79F105C4}.Release|Win32.ActiveCfg = Release|Win32
		{AB93E5B9-2082-4EE5-A838-F66D79F105C4}.Release|Win32.Build.0 = Release|Win32
		{CF184D59-18D7-4F4D-BCAE-E7F85555C3BA}.Debug|Win32.ActiveCfg = Debug|Win32
		{CF184D59-18D7-4F4D-BCAE-E7F85555C3BA}.Debug|Win32.Build.0 = Debug|Win32
		{CF184D59-18D7-4F4D-BCAE-E7F85555C3BA}.Release|Win32.ActiveCfg = Release|Win32
		{CF184D59-18D7-4F4D-BCAE-E7F85555C3BA}.Release|Win32.Build.0 = Release|Win32
		{9F54D0BE-B957-454D-9424-4AA78B5E98E3}.Debug|Win32.ActiveCfg = Debug|Win32
		{9F54D0BE-B957-454D-9424-4AA78B5E98E3}.Debug|Win32.Build.0 = Debug|Win32
		{9F54D0BE-B957-454D-9424-4AA78B5E98E3}.Release|Win32.ActiveCfg = Release|Win32
		{9F54D0BE-B957-454D-9424-4AA78B5E98E3}.Release|Win32.Build.0 = Release|Win32
		{A5B33603-3453-49B9-8814-0EEA6DF753CE}.Debug|Win32.ActiveCfg = Debug|Win32
		{A5B33603-3453-49B9-8814-0EEA6DF753CE}.Debug|Win32.Build.0 = Debug|Win32
		{A5B33603-3453-49B9-8814-0EEA6DF753CE}.Release|Win32.ActiveCfg = Release|Win32
		{A5B33603-3453-49B9-8814-0EEA6DF753CE}.Release|Win32.Build.0 = Release|Win32
		{7F2F8235-A72F-445A-8999-054E8FEF46ED}.Debug|Win32.ActiveCfg = Debug|Win32
		{7F2F8235-A72F-445A-8999-054E8FEF46ED}.Debug|Win32.Build.0 = Debug|Win32
		{7F2F8235-A72F-445A-8999-054E8FEF46ED}.Release|Win32.ActiveCfg = Release|Win32
		{7F2F8235-A72F-445A-8999-054E8FEF46ED}.Release|Win32.Build.0 = Release|Win32
		{DA341912-580E-4340-AE0D-78B563398672}.Debug|Win32.ActiveCfg = Debug|Win32
		{DA341912-580E-4340-AE0D-78B563398672}.Debug|Win32.Build.0 = Debug|Win32
		{DA341912-580E-4340-AE0D-78B563398672}.Release|Win32.ActiveCfg = Release|Win32
		{DA341912-580E-4340-AE0D-78B563398672}.Release|Win32.Build.0 = Release|Win32
	EndGlobalSection
	GlobalSection(SolutionProperties) = preSolution
		HideSolutionNode = FALSE
	EndGlobalSection
EndGlobal
