
Microsoft Visual Studio Solution File, Format Version 11.00
# Visual Studio 2010
Project("{8BC9CEB8-8B4A-11D0-8D11-00A0C91BC942}") = "1", "1\1.vcxproj", "{FBC05218-B81A-4AE7-AB79-F11677B08242}"
EndProject
Project("{8BC9CEB8-8B4A-11D0-8D11-00A0C91BC942}") = "2", "2\2.vcxproj", "{BE834987-9A5B-46B7-94F0-AB3F52C34DC8}"
EndProject
Project("{8BC9CEB8-8B4A-11D0-8D11-00A0C91BC942}") = "3", "3\3.vcxproj", "{D3462ECF-4EED-4FCE-8170-DFB33CFAF55D}"
EndProject
Project("{8BC9CEB8-8B4A-11D0-8D11-00A0C91BC942}") = "4", "4\4.vcxproj", "{E3ABD77B-73D2-469A-99CC-714B3C97924A}"
EndProject
Project("{8BC9CEB8-8B4A-11D0-8D11-00A0C91BC942}") = "5", "5\5.vcxproj", "{44AAC49B-E367-4530-A303-ABE7E6C6A7B3}"
EndProject
Project("{8BC9CEB8-8B4A-11D0-8D11-00A0C91BC942}") = "6", "6\6.vcxproj", "{7FCF97DD-BCD1-4908-B9ED-E5BE8B8297C8}"
EndProject
Project("{8BC9CEB8-8B4A-11D0-8D11-00A0C91BC942}") = "7", "7\7.vcxproj", "{F9B5C63D-3273-484F-B602-46E89824DCF2}"
EndProject
Project("{8BC9CEB8-8B4A-11D0-8D11-00A0C91BC942}") = "8", "8\8.vcxproj", "{8BB9FBEA-092C-41D2-9D75-0FE2A2DD353D}"
EndProject
Project("{8BC9CEB8-8B4A-11D0-8D11-00A0C91BC942}") = "9", "9\9.vcxproj", "{7A5F33AC-3C89-4398-9A3D-C52C1801CD5E}"
EndProject
Project("{8BC9CEB8-8B4A-11D0-8D11-00A0C91BC942}") = "10", "10\10.vcxproj", "{1C0ED291-FAF9-4A27-B3C8-C561DB5FA320}"
EndProject
Global
	GlobalSection(SolutionConfigurationPlatforms) = preSolution
		Debug|Win32 = Debug|Win32
		Release|Win32 = Release|Win32
	EndGlobalSection
	GlobalSection(ProjectConfigurationPlatforms) = postSolution
		{FBC05218-B81A-4AE7-AB79-F11677B08242}.Debug|Win32.ActiveCfg = Debug|Win32
		{FBC05218-B81A-4AE7-AB79-F11677B08242}.Debug|Win32.Build.0 = Debug|Win32
		{FBC05218-B81A-4AE7-AB79-F11677B08242}.Release|Win32.ActiveCfg = Release|Win32
		{FBC05218-B81A-4AE7-AB79-F11677B08242}.Release|Win32.Build.0 = Release|Win32
		{BE834987-9A5B-46B7-94F0-AB3F52C34DC8}.Debug|Win32.ActiveCfg = Debug|Win32
		{BE834987-9A5B-46B7-94F0-AB3F52C34DC8}.Debug|Win32.Build.0 = Debug|Win32
		{BE834987-9A5B-46B7-94F0-AB3F52C34DC8}.Release|Win32.ActiveCfg = Release|Win32
		{BE834987-9A5B-46B7-94F0-AB3F52C34DC8}.Release|Win32.Build.0 = Release|Win32
		{D3462ECF-4EED-4FCE-8170-DFB33CFAF55D}.Debug|Win32.ActiveCfg = Debug|Win32
		{D3462ECF-4EED-4FCE-8170-DFB33CFAF55D}.Debug|Win32.Build.0 = Debug|Win32
		{D3462ECF-4EED-4FCE-8170-DFB33CFAF55D}.Release|Win32.ActiveCfg = Release|Win32
		{D3462ECF-4EED-4FCE-8170-DFB33CFAF55D}.Release|Win32.Build.0 = Release|Win32
		{E3ABD77B-73D2-469A-99CC-714B3C97924A}.Debug|Win32.ActiveCfg = Debug|Win32
		{E3ABD77B-73D2-469A-99CC-714B3C97924A}.Debug|Win32.Build.0 = Debug|Win32
		{E3ABD77B-73D2-469A-99CC-714B3C97924A}.Release|Win32.ActiveCfg = Release|Win32
		{E3ABD77B-73D2-469A-99CC-714B3C97924A}.Release|Win32.Build.0 = Release|Win32
		{44AAC49B-E367-4530-A303-ABE7E6C6A7B3}.Debug|Win32.ActiveCfg = Debug|Win32
		{44AAC49B-E367-4530-A303-ABE7E6C6A7B3}.Debug|Win32.Build.0 = Debug|Win32
		{44AAC49B-E367-4530-A303-ABE7E6C6A7B3}.Release|Win32.ActiveCfg = Release|Win32
		{44AAC49B-E367-4530-A303-ABE7E6C6A7B3}.Release|Win32.Build.0 = Release|Win32
		{7FCF97DD-BCD1-4908-B9ED-E5BE8B8297C8}.Debug|Win32.ActiveCfg = Debug|Win32
		{7FCF97DD-BCD1-4908-B9ED-E5BE8B8297C8}.Debug|Win32.Build.0 = Debug|Win32
		{7FCF97DD-BCD1-4908-B9ED-E5BE8B8297C8}.Release|Win32.ActiveCfg = Release|Win32
		{7FCF97DD-BCD1-4908-B9ED-E5BE8B8297C8}.Release|Win32.Build.0 = Release|Win32
		{F9B5C63D-3273-484F-B602-46E89824DCF2}.Debug|Win32.ActiveCfg = Debug|Win32
		{F9B5C63D-3273-484F-B602-46E89824DCF2}.Debug|Win32.Build.0 = Debug|Win32
		{F9B5C63D-3273-484F-B602-46E89824DCF2}.Release|Win32.ActiveCfg = Release|Win32
		{F9B5C63D-3273-484F-B602-46E89824DCF2}.Release|Win32.Build.0 = Release|Win32
		{8BB9FBEA-092C-41D2-9D75-0FE2A2DD353D}.Debug|Win32.ActiveCfg = Debug|Win32
		{8BB9FBEA-092C-41D2-9D75-0FE2A2DD353D}.Debug|Win32.Build.0 = Debug|Win32
		{8BB9FBEA-092C-41D2-9D75-0FE2A2DD353D}.Release|Win32.ActiveCfg = Release|Win32
		{8BB9FBEA-092C-41D2-9D75-0FE2A2DD353D}.Release|Win32.Build.0 = Release|Win32
		{7A5F33AC-3C89-4398-9A3D-C52C1801CD5E}.Debug|Win32.ActiveCfg = Debug|Win32
		{7A5F33AC-3C89-4398-9A3D-C52C1801CD5E}.Debug|Win32.Build.0 = Debug|Win32
		{7A5F33AC-3C89-4398-9A3D-C52C1801CD5E}.Release|Win32.ActiveCfg = Release|Win32
		{7A5F33AC-3C89-4398-9A3D-C52C1801CD5E}.Release|Win32.Build.0 = Release|Win32
		{1C0ED291-FAF9-4A27-B3C8-C561DB5FA320}.Debug|Win32.ActiveCfg = Debug|Win32
		{1C0ED291-FAF9-4A27-B3C8-C561DB5FA320}.Debug|Win32.Build.0 = Debug|Win32
		{1C0ED291-FAF9-4A27-B3C8-C561DB5FA320}.Release|Win32.ActiveCfg = Release|Win32
		{1C0ED291-FAF9-4A27-B3C8-C561DB5FA320}.Release|Win32.Build.0 = Release|Win32
	EndGlobalSection
	GlobalSection(SolutionProperties) = preSolution
		HideSolutionNode = FALSE
	EndGlobalSection
EndGlobal
